
Microsoft Visual Studio Solution File, Format Version 12.00
# Visual Studio 15
VisualStudioVersion = 15.0.28010.2050
MinimumVisualStudioVersion = 10.0.40219.1
Project("{9A19103F-16F7-4668-BE54-9A1E7A4F7556}") = "PizzaFactoryApi", "PizzaFactoryApi\PizzaFactoryApi.csproj", "{0B37A04B-85B8-4148-B7D3-90C54ACFA12C}"
EndProject
Project("{9A19103F-16F7-4668-BE54-9A1E7A4F7556}") = "PizzaData", "PizzaData\PizzaData.csproj", "{8F518171-39C5-4D54-BDEE-B64F64A9F48E}"
EndProject
Global
	GlobalSection(SolutionConfigurationPlatforms) = preSolution
		Debug|Any CPU = Debug|Any CPU
		Release|Any CPU = Release|Any CPU
	EndGlobalSection
	GlobalSection(ProjectConfigurationPlatforms) = postSolution
		{0B37A04B-85B8-4148-B7D3-90C54ACFA12C}.Debug|Any CPU.ActiveCfg = Debug|Any CPU
		{0B37A04B-85B8-4148-B7D3-90C54ACFA12C}.Debug|Any CPU.Build.0 = Debug|Any CPU
		{0B37A04B-85B8-4148-B7D3-90C54ACFA12C}.Release|Any CPU.ActiveCfg = Release|Any CPU
		{0B37A04B-85B8-4148-B7D3-90C54ACFA12C}.Release|Any CPU.Build.0 = Release|Any CPU
		{8F518171-39C5-4D54-BDEE-B64F64A9F48E}.Debug|Any CPU.ActiveCfg = Debug|Any CPU
		{8F518171-39C5-4D54-BDEE-B64F64A9F48E}.Debug|Any CPU.Build.0 = Debug|Any CPU
		{8F518171-39C5-4D54-BDEE-B64F64A9F48E}.Release|Any CPU.ActiveCfg = Release|Any CPU
		{8F518171-39C5-4D54-BDEE-B64F64A9F48E}.Release|Any CPU.Build.0 = Release|Any CPU
	EndGlobalSection
	GlobalSection(SolutionProperties) = preSolution
		HideSolutionNode = FALSE
	EndGlobalSection
	GlobalSection(ExtensibilityGlobals) = postSolution
		SolutionGuid = {E0B52676-A868-49FD-939A-048E1A56A227}
	EndGlobalSection
EndGlobal
